
Microsoft Visual Studio Solution File, Format Version 12.00
# Visual Studio Version 17
VisualStudioVersion = 17.8.34309.116
MinimumVisualStudioVersion = 10.0.40219.1
Project("{FAE04EC0-301F-11D3-BF4B-00C04F79EFBC}") = "Infrastructure", "Infrastructure\Infrastructure.csproj", "{1E411543-3442-4D0F-BD53-EF92FC396BE6}"
EndProject
Project("{FAE04EC0-301F-11D3-BF4B-00C04F79EFBC}") = "WebApi", "WebApi\WebApi.csproj", "{E7E6C8E0-63A8-454B-BFA8-83703C6448B0}"
EndProject
Project("{FAE04EC0-301F-11D3-BF4B-00C04F79EFBC}") = "WebApp", "WebApp\WebApp.csproj", "{12CEB169-D599-4AD5-BE9A-42879D05A02D}"
EndProject
Global
	GlobalSection(SolutionConfigurationPlatforms) = preSolution
		Debug|Any CPU = Debug|Any CPU
		Release|Any CPU = Release|Any CPU
	EndGlobalSection
	GlobalSection(ProjectConfigurationPlatforms) = postSolution
		{1E411543-3442-4D0F-BD53-EF92FC396BE6}.Debug|Any CPU.ActiveCfg = Debug|Any CPU
		{1E411543-3442-4D0F-BD53-EF92FC396BE6}.Debug|Any CPU.Build.0 = Debug|Any CPU
		{1E411543-3442-4D0F-BD53-EF92FC396BE6}.Release|Any CPU.ActiveCfg = Release|Any CPU
		{1E411543-3442-4D0F-BD53-EF92FC396BE6}.Release|Any CPU.Build.0 = Release|Any CPU
		{E7E6C8E0-63A8-454B-BFA8-83703C6448B0}.Debug|Any CPU.ActiveCfg = Debug|Any CPU
		{E7E6C8E0-63A8-454B-BFA8-83703C6448B0}.Debug|Any CPU.Build.0 = Debug|Any CPU
		{E7E6C8E0-63A8-454B-BFA8-83703C6448B0}.Release|Any CPU.ActiveCfg = Release|Any CPU
		{E7E6C8E0-63A8-454B-BFA8-83703C6448B0}.Release|Any CPU.Build.0 = Release|Any CPU
		{12CEB169-D599-4AD5-BE9A-42879D05A02D}.Debug|Any CPU.ActiveCfg = Debug|Any CPU
		{12CEB169-D599-4AD5-BE9A-42879D05A02D}.Debug|Any CPU.Build.0 = Debug|Any CPU
		{12CEB169-D599-4AD5-BE9A-42879D05A02D}.Release|Any CPU.ActiveCfg = Release|Any CPU
		{12CEB169-D599-4AD5-BE9A-42879D05A02D}.Release|Any CPU.Build.0 = Release|Any CPU
	EndGlobalSection
	GlobalSection(SolutionProperties) = preSolution
		HideSolutionNode = FALSE
	EndGlobalSection
	GlobalSection(ExtensibilityGlobals) = postSolution
		SolutionGuid = {BCAE66B0-4709-4D27-A06D-05C034B31981}
	EndGlobalSection
EndGlobal
